
Microsoft Visual Studio Solution File, Format Version 12.00
# Visual Studio 14
VisualStudioVersion = 14.0.25420.1
MinimumVisualStudioVersion = 10.0.40219.1
Project("{FAE04EC0-301F-11D3-BF4B-00C04F79EFBC}") = "Bookish.ConsoleApp", "Bookish.ConsoleApp\Bookish.ConsoleApp.csproj", "{1018B5A2-3D15-4A45-9F82-56CCEC938911}"
EndProject
Project("{FAE04EC0-301F-11D3-BF4B-00C04F79EFBC}") = "Bookish.DataAccess", "Bookish.DataAccess\Bookish.DataAccess.csproj", "{E083AF54-E1FD-4B30-9816-7D8AF4497C1C}"
EndProject
Global
	GlobalSection(SolutionConfigurationPlatforms) = preSolution
		Debug|Any CPU = Debug|Any CPU
		Release|Any CPU = Release|Any CPU
	EndGlobalSection
	GlobalSection(ProjectConfigurationPlatforms) = postSolution
		{1018B5A2-3D15-4A45-9F82-56CCEC938911}.Debug|Any CPU.ActiveCfg = Debug|Any CPU
		{1018B5A2-3D15-4A45-9F82-56CCEC938911}.Debug|Any CPU.Build.0 = Debug|Any CPU
		{1018B5A2-3D15-4A45-9F82-56CCEC938911}.Release|Any CPU.ActiveCfg = Release|Any CPU
		{1018B5A2-3D15-4A45-9F82-56CCEC938911}.Release|Any CPU.Build.0 = Release|Any CPU
		{E083AF54-E1FD-4B30-9816-7D8AF4497C1C}.Debug|Any CPU.ActiveCfg = Debug|Any CPU
		{E083AF54-E1FD-4B30-9816-7D8AF4497C1C}.Debug|Any CPU.Build.0 = Debug|Any CPU
		{E083AF54-E1FD-4B30-9816-7D8AF4497C1C}.Release|Any CPU.ActiveCfg = Release|Any CPU
		{E083AF54-E1FD-4B30-9816-7D8AF4497C1C}.Release|Any CPU.Build.0 = Release|Any CPU
	EndGlobalSection
	GlobalSection(SolutionProperties) = preSolution
		HideSolutionNode = FALSE
	EndGlobalSection
EndGlobal
